
Microsoft Visual Studio Solution File, Format Version 12.00
# Visual Studio Version 17
VisualStudioVersion = 17.3.32901.215
MinimumVisualStudioVersion = 10.0.40219.1
Project("{9A19103F-16F7-4668-BE54-9A1E7A4F7556}") = "Oefening1", "Oefening1\Oefening1.csproj", "{5AB037E1-2008-4E60-8AAF-1D3114323E11}"
EndProject
Project("{9A19103F-16F7-4668-BE54-9A1E7A4F7556}") = "Oefening2", "Oefening2\Oefening2.csproj", "{B7B470E8-FD00-46A9-A5BA-993BD2CB1F57}"
EndProject
Project("{9A19103F-16F7-4668-BE54-9A1E7A4F7556}") = "Oefening3", "Oefening3\Oefening3.csproj", "{57C20F2C-1B9B-439E-9D7A-A16ACA0AE585}"
EndProject
Project("{9A19103F-16F7-4668-BE54-9A1E7A4F7556}") = "Oefening4", "Oefening4\Oefening4.csproj", "{CC24287F-BDB2-4DDC-AC1D-05518947D528}"
EndProject
Project("{FAE04EC0-301F-11D3-BF4B-00C04F79EFBC}") = "Oefening5", "Oefening5\Oefening5.csproj", "{94D671D0-0C5A-4FD5-9395-253455B831E7}"
EndProject
Project("{FAE04EC0-301F-11D3-BF4B-00C04F79EFBC}") = "Oefening6", "Oefening6\Oefening6.csproj", "{648CA863-B125-44C2-9FF1-B50A51C9722A}"
EndProject
Project("{FAE04EC0-301F-11D3-BF4B-00C04F79EFBC}") = "Oefening7", "Oefening7\Oefening7.csproj", "{B33B1B0C-DFD5-4508-B80E-02EB8DE6683C}"
EndProject
Global
	GlobalSection(SolutionConfigurationPlatforms) = preSolution
		Debug|Any CPU = Debug|Any CPU
		Release|Any CPU = Release|Any CPU
	EndGlobalSection
	GlobalSection(ProjectConfigurationPlatforms) = postSolution
		{5AB037E1-2008-4E60-8AAF-1D3114323E11}.Debug|Any CPU.ActiveCfg = Debug|Any CPU
		{5AB037E1-2008-4E60-8AAF-1D3114323E11}.Debug|Any CPU.Build.0 = Debug|Any CPU
		{5AB037E1-2008-4E60-8AAF-1D3114323E11}.Release|Any CPU.ActiveCfg = Release|Any CPU
		{5AB037E1-2008-4E60-8AAF-1D3114323E11}.Release|Any CPU.Build.0 = Release|Any CPU
		{B7B470E8-FD00-46A9-A5BA-993BD2CB1F57}.Debug|Any CPU.ActiveCfg = Debug|Any CPU
		{B7B470E8-FD00-46A9-A5BA-993BD2CB1F57}.Debug|Any CPU.Build.0 = Debug|Any CPU
		{B7B470E8-FD00-46A9-A5BA-993BD2CB1F57}.Release|Any CPU.ActiveCfg = Release|Any CPU
		{B7B470E8-FD00-46A9-A5BA-993BD2CB1F57}.Release|Any CPU.Build.0 = Release|Any CPU
		{57C20F2C-1B9B-439E-9D7A-A16ACA0AE585}.Debug|Any CPU.ActiveCfg = Debug|Any CPU
		{57C20F2C-1B9B-439E-9D7A-A16ACA0AE585}.Debug|Any CPU.Build.0 = Debug|Any CPU
		{57C20F2C-1B9B-439E-9D7A-A16ACA0AE585}.Release|Any CPU.ActiveCfg = Release|Any CPU
		{57C20F2C-1B9B-439E-9D7A-A16ACA0AE585}.Release|Any CPU.Build.0 = Release|Any CPU
		{CC24287F-BDB2-4DDC-AC1D-05518947D528}.Debug|Any CPU.ActiveCfg = Debug|Any CPU
		{CC24287F-BDB2-4DDC-AC1D-05518947D528}.Debug|Any CPU.Build.0 = Debug|Any CPU
		{CC24287F-BDB2-4DDC-AC1D-05518947D528}.Release|Any CPU.ActiveCfg = Release|Any CPU
		{CC24287F-BDB2-4DDC-AC1D-05518947D528}.Release|Any CPU.Build.0 = Release|Any CPU
		{94D671D0-0C5A-4FD5-9395-253455B831E7}.Debug|Any CPU.ActiveCfg = Debug|Any CPU
		{94D671D0-0C5A-4FD5-9395-253455B831E7}.Debug|Any CPU.Build.0 = Debug|Any CPU
		{94D671D0-0C5A-4FD5-9395-253455B831E7}.Release|Any CPU.ActiveCfg = Release|Any CPU
		{94D671D0-0C5A-4FD5-9395-253455B831E7}.Release|Any CPU.Build.0 = Release|Any CPU
		{648CA863-B125-44C2-9FF1-B50A51C9722A}.Debug|Any CPU.ActiveCfg = Debug|Any CPU
		{648CA863-B125-44C2-9FF1-B50A51C9722A}.Debug|Any CPU.Build.0 = Debug|Any CPU
		{648CA863-B125-44C2-9FF1-B50A51C9722A}.Release|Any CPU.ActiveCfg = Release|Any CPU
		{648CA863-B125-44C2-9FF1-B50A51C9722A}.Release|Any CPU.Build.0 = Release|Any CPU
		{B33B1B0C-DFD5-4508-B80E-02EB8DE6683C}.Debug|Any CPU.ActiveCfg = Debug|Any CPU
		{B33B1B0C-DFD5-4508-B80E-02EB8DE6683C}.Debug|Any CPU.Build.0 = Debug|Any CPU
		{B33B1B0C-DFD5-4508-B80E-02EB8DE6683C}.Release|Any CPU.ActiveCfg = Release|Any CPU
		{B33B1B0C-DFD5-4508-B80E-02EB8DE6683C}.Release|Any CPU.Build.0 = Release|Any CPU
	EndGlobalSection
	GlobalSection(SolutionProperties) = preSolution
		HideSolutionNode = FALSE
	EndGlobalSection
	GlobalSection(ExtensibilityGlobals) = postSolution
		SolutionGuid = {60530D41-882E-42B1-8B54-9D53503E06A7}
	EndGlobalSection
EndGlobal
